// !$*UTF8*$!
{
	archiveVersion = 1;
	classes = {
	};
	objectVersion = 56;
	objects = {

/* Begin PBXBuildFile section */
		1C1FD05A2B2B19D900092A0B /* AppDelegate.swift in Sources */ = {isa = PBXBuildFile; fileRef = 1C1FD0592B2B19D900092A0B /* AppDelegate.swift */; };
		1C1FD05C2B2B19D900092A0B /* SceneDelegate.swift in Sources */ = {isa = PBXBuildFile; fileRef = 1C1FD05B2B2B19D900092A0B /* SceneDelegate.swift */; };
		1C1FD05E2B2B19D900092A0B /* BowlingGameViewController.swift in Sources */ = {isa = PBXBuildFile; fileRef = 1C1FD05D2B2B19D900092A0B /* BowlingGameViewController.swift */; };
		1C1FD0612B2B19D900092A0B /* Main.storyboard in Resources */ = {isa = PBXBuildFile; fileRef = 1C1FD05F2B2B19D900092A0B /* Main.storyboard */; };
		1C1FD0632B2B19DB00092A0B /* Assets.xcassets in Resources */ = {isa = PBXBuildFile; fileRef = 1C1FD0622B2B19DB00092A0B /* Assets.xcassets */; };
		1C1FD0662B2B19DB00092A0B /* LaunchScreen.storyboard in Resources */ = {isa = PBXBuildFile; fileRef = 1C1FD0642B2B19DB00092A0B /* LaunchScreen.storyboard */; };
		1C1FD0712B2B19DB00092A0B /* BowlingGameKATATests.swift in Sources */ = {isa = PBXBuildFile; fileRef = 1C1FD0702B2B19DB00092A0B /* BowlingGameKATATests.swift */; };
		1C1FD07B2B2B19DB00092A0B /* BowlingGameKATAUITests.swift in Sources */ = {isa = PBXBuildFile; fileRef = 1C1FD07A2B2B19DB00092A0B /* BowlingGameKATAUITests.swift */; };
		1C1FD07D2B2B19DB00092A0B /* BowlingGameKATAUITestsLaunchTests.swift in Sources */ = {isa = PBXBuildFile; fileRef = 1C1FD07C2B2B19DB00092A0B /* BowlingGameKATAUITestsLaunchTests.swift */; };
		1CF50DCA2B2B223300D58DF1 /* BowlingGameViewModel.swift in Sources */ = {isa = PBXBuildFile; fileRef = 1CF50DC92B2B223300D58DF1 /* BowlingGameViewModel.swift */; };
		1CF50DCC2B2B225B00D58DF1 /* BowlingGameModel.swift in Sources */ = {isa = PBXBuildFile; fileRef = 1CF50DCB2B2B225B00D58DF1 /* BowlingGameModel.swift */; };
		1CF50DCE2B2B449300D58DF1 /* Frame.swift in Sources */ = {isa = PBXBuildFile; fileRef = 1CF50DCD2B2B449300D58DF1 /* Frame.swift */; };
		1CF50DD02B2B451000D58DF1 /* OpenFrameModel.swift in Sources */ = {isa = PBXBuildFile; fileRef = 1CF50DCF2B2B451000D58DF1 /* OpenFrameModel.swift */; };
		1CF50DD22B2B466100D58DF1 /* StrikeFrameModel.swift in Sources */ = {isa = PBXBuildFile; fileRef = 1CF50DD12B2B466100D58DF1 /* StrikeFrameModel.swift */; };
		1CF50DD42B2B46D200D58DF1 /* SpareFrameModel.swift in Sources */ = {isa = PBXBuildFile; fileRef = 1CF50DD32B2B46D100D58DF1 /* SpareFrameModel.swift */; };
		1CF50DDB2B2C6E8C00D58DF1 /* FrameCell.swift in Sources */ = {isa = PBXBuildFile; fileRef = 1CF50DDA2B2C6E8B00D58DF1 /* FrameCell.swift */; };
		1CF50DDD2B2C78F500D58DF1 /* FrameCell.xib in Resources */ = {isa = PBXBuildFile; fileRef = 1CF50DDC2B2C78F500D58DF1 /* FrameCell.xib */; };
		1CF50DE12B2CA53600D58DF1 /* AppConstants.swift in Sources */ = {isa = PBXBuildFile; fileRef = 1CF50DE02B2CA53600D58DF1 /* AppConstants.swift */; };
/* End PBXBuildFile section */

/* Begin PBXContainerItemProxy section */
		1C1FD06D2B2B19DB00092A0B /* PBXContainerItemProxy */ = {
			isa = PBXContainerItemProxy;
			containerPortal = 1C1FD04E2B2B19D900092A0B /* Project object */;
			proxyType = 1;
			remoteGlobalIDString = 1C1FD0552B2B19D900092A0B;
			remoteInfo = BowlingGameKATA;
		};
		1C1FD0772B2B19DB00092A0B /* PBXContainerItemProxy */ = {
			isa = PBXContainerItemProxy;
			containerPortal = 1C1FD04E2B2B19D900092A0B /* Project object */;
			proxyType = 1;
			remoteGlobalIDString = 1C1FD0552B2B19D900092A0B;
			remoteInfo = BowlingGameKATA;
		};
/* End PBXContainerItemProxy section */

/* Begin PBXFileReference section */
		1C1FD0562B2B19D900092A0B /* BowlingGameKATA.app */ = {isa = PBXFileReference; explicitFileType = wrapper.application; includeInIndex = 0; path = BowlingGameKATA.app; sourceTree = BUILT_PRODUCTS_DIR; };
		1C1FD0592B2B19D900092A0B /* AppDelegate.swift */ = {isa = PBXFileReference; lastKnownFileType = sourcecode.swift; path = AppDelegate.swift; sourceTree = "<group>"; };
		1C1FD05B2B2B19D900092A0B /* SceneDelegate.swift */ = {isa = PBXFileReference; lastKnownFileType = sourcecode.swift; path = SceneDelegate.swift; sourceTree = "<group>"; };
		1C1FD05D2B2B19D900092A0B /* BowlingGameViewController.swift */ = {isa = PBXFileReference; lastKnownFileType = sourcecode.swift; path = BowlingGameViewController.swift; sourceTree = "<group>"; };
		1C1FD0602B2B19D900092A0B /* Base */ = {isa = PBXFileReference; lastKnownFileType = file.storyboard; name = Base; path = Base.lproj/Main.storyboard; sourceTree = "<group>"; };
		1C1FD0622B2B19DB00092A0B /* Assets.xcassets */ = {isa = PBXFileReference; lastKnownFileType = folder.assetcatalog; path = Assets.xcassets; sourceTree = "<group>"; };
		1C1FD0652B2B19DB00092A0B /* Base */ = {isa = PBXFileReference; lastKnownFileType = file.storyboard; name = Base; path = Base.lproj/LaunchScreen.storyboard; sourceTree = "<group>"; };
		1C1FD0672B2B19DB00092A0B /* Info.plist */ = {isa = PBXFileReference; lastKnownFileType = text.plist.xml; path = Info.plist; sourceTree = "<group>"; };
		1C1FD06C2B2B19DB00092A0B /* BowlingGameKATATests.xctest */ = {isa = PBXFileReference; explicitFileType = wrapper.cfbundle; includeInIndex = 0; path = BowlingGameKATATests.xctest; sourceTree = BUILT_PRODUCTS_DIR; };
		1C1FD0702B2B19DB00092A0B /* BowlingGameKATATests.swift */ = {isa = PBXFileReference; lastKnownFileType = sourcecode.swift; path = BowlingGameKATATests.swift; sourceTree = "<group>"; };
		1C1FD0762B2B19DB00092A0B /* BowlingGameKATAUITests.xctest */ = {isa = PBXFileReference; explicitFileType = wrapper.cfbundle; includeInIndex = 0; path = BowlingGameKATAUITests.xctest; sourceTree = BUILT_PRODUCTS_DIR; };
		1C1FD07A2B2B19DB00092A0B /* BowlingGameKATAUITests.swift */ = {isa = PBXFileReference; lastKnownFileType = sourcecode.swift; path = BowlingGameKATAUITests.swift; sourceTree = "<group>"; };
		1C1FD07C2B2B19DB00092A0B /* BowlingGameKATAUITestsLaunchTests.swift */ = {isa = PBXFileReference; lastKnownFileType = sourcecode.swift; path = BowlingGameKATAUITestsLaunchTests.swift; sourceTree = "<group>"; };
		1CF50DC92B2B223300D58DF1 /* BowlingGameViewModel.swift */ = {isa = PBXFileReference; lastKnownFileType = sourcecode.swift; path = BowlingGameViewModel.swift; sourceTree = "<group>"; };
		1CF50DCB2B2B225B00D58DF1 /* BowlingGameModel.swift */ = {isa = PBXFileReference; lastKnownFileType = sourcecode.swift; path = BowlingGameModel.swift; sourceTree = "<group>"; };
		1CF50DCD2B2B449300D58DF1 /* Frame.swift */ = {isa = PBXFileReference; lastKnownFileType = sourcecode.swift; path = Frame.swift; sourceTree = "<group>"; };
		1CF50DCF2B2B451000D58DF1 /* OpenFrameModel.swift */ = {isa = PBXFileReference; lastKnownFileType = sourcecode.swift; path = OpenFrameModel.swift; sourceTree = "<group>"; };
		1CF50DD12B2B466100D58DF1 /* StrikeFrameModel.swift */ = {isa = PBXFileReference; lastKnownFileType = sourcecode.swift; path = StrikeFrameModel.swift; sourceTree = "<group>"; };
		1CF50DD32B2B46D100D58DF1 /* SpareFrameModel.swift */ = {isa = PBXFileReference; lastKnownFileType = sourcecode.swift; path = SpareFrameModel.swift; sourceTree = "<group>"; };
		1CF50DDA2B2C6E8B00D58DF1 /* FrameCell.swift */ = {isa = PBXFileReference; lastKnownFileType = sourcecode.swift; path = FrameCell.swift; sourceTree = "<group>"; };
		1CF50DDC2B2C78F500D58DF1 /* FrameCell.xib */ = {isa = PBXFileReference; lastKnownFileType = file.xib; path = FrameCell.xib; sourceTree = "<group>"; };
		1CF50DE02B2CA53600D58DF1 /* AppConstants.swift */ = {isa = PBXFileReference; lastKnownFileType = sourcecode.swift; path = AppConstants.swift; sourceTree = "<group>"; };
/* End PBXFileReference section */

/* Begin PBXFrameworksBuildPhase section */
		1C1FD0532B2B19D900092A0B /* Frameworks */ = {
			isa = PBXFrameworksBuildPhase;
			buildActionMask = 2147483647;
			files = (
			);
			runOnlyForDeploymentPostprocessing = 0;
		};
		1C1FD0692B2B19DB00092A0B /* Frameworks */ = {
			isa = PBXFrameworksBuildPhase;
			buildActionMask = 2147483647;
			files = (
			);
			runOnlyForDeploymentPostprocessing = 0;
		};
		1C1FD0732B2B19DB00092A0B /* Frameworks */ = {
			isa = PBXFrameworksBuildPhase;
			buildActionMask = 2147483647;
			files = (
			);
			runOnlyForDeploymentPostprocessing = 0;
		};
/* End PBXFrameworksBuildPhase section */

/* Begin PBXGroup section */
		1C1FD04D2B2B19D900092A0B = {
			isa = PBXGroup;
			children = (
				1C1FD0582B2B19D900092A0B /* BowlingGameKATA */,
				1C1FD06F2B2B19DB00092A0B /* BowlingGameKATATests */,
				1C1FD0792B2B19DB00092A0B /* BowlingGameKATAUITests */,
				1C1FD0572B2B19D900092A0B /* Products */,
			);
			sourceTree = "<group>";
		};
		1C1FD0572B2B19D900092A0B /* Products */ = {
			isa = PBXGroup;
			children = (
				1C1FD0562B2B19D900092A0B /* BowlingGameKATA.app */,
				1C1FD06C2B2B19DB00092A0B /* BowlingGameKATATests.xctest */,
				1C1FD0762B2B19DB00092A0B /* BowlingGameKATAUITests.xctest */,
			);
			name = Products;
			sourceTree = "<group>";
		};
		1C1FD0582B2B19D900092A0B /* BowlingGameKATA */ = {
			isa = PBXGroup;
			children = (
				1C1FD0672B2B19DB00092A0B /* Info.plist */,
				1CF50DD82B2B645C00D58DF1 /* App */,
				1CF50DD72B2B643500D58DF1 /* Storyboard */,
				1CF50DC62B2B214C00D58DF1 /* View */,
				1CF50DC82B2B215E00D58DF1 /* ViewModel */,
				1CF50DC72B2B215300D58DF1 /* Model */,
			);
			path = BowlingGameKATA;
			sourceTree = "<group>";
		};
		1C1FD06F2B2B19DB00092A0B /* BowlingGameKATATests */ = {
			isa = PBXGroup;
			children = (
				1C1FD0702B2B19DB00092A0B /* BowlingGameKATATests.swift */,
			);
			path = BowlingGameKATATests;
			sourceTree = "<group>";
		};
		1C1FD0792B2B19DB00092A0B /* BowlingGameKATAUITests */ = {
			isa = PBXGroup;
			children = (
				1C1FD07A2B2B19DB00092A0B /* BowlingGameKATAUITests.swift */,
				1C1FD07C2B2B19DB00092A0B /* BowlingGameKATAUITestsLaunchTests.swift */,
			);
			path = BowlingGameKATAUITests;
			sourceTree = "<group>";
		};
		1CF50DC62B2B214C00D58DF1 /* View */ = {
			isa = PBXGroup;
			children = (
				1C1FD05D2B2B19D900092A0B /* BowlingGameViewController.swift */,
				1CF50DD92B2C6E6E00D58DF1 /* CollectionViewCell */,
			);
			path = View;
			sourceTree = "<group>";
		};
		1CF50DC72B2B215300D58DF1 /* Model */ = {
			isa = PBXGroup;
			children = (
				1CF50DCB2B2B225B00D58DF1 /* BowlingGameModel.swift */,
				1CF50DCF2B2B451000D58DF1 /* OpenFrameModel.swift */,
				1CF50DD12B2B466100D58DF1 /* StrikeFrameModel.swift */,
				1CF50DD32B2B46D100D58DF1 /* SpareFrameModel.swift */,
				1CF50DCD2B2B449300D58DF1 /* Frame.swift */,
			);
			path = Model;
			sourceTree = "<group>";
		};
		1CF50DC82B2B215E00D58DF1 /* ViewModel */ = {
			isa = PBXGroup;
			children = (
				1CF50DC92B2B223300D58DF1 /* BowlingGameViewModel.swift */,
			);
			path = ViewModel;
			sourceTree = "<group>";
		};
		1CF50DD72B2B643500D58DF1 /* Storyboard */ = {
			isa = PBXGroup;
			children = (
				1C1FD05F2B2B19D900092A0B /* Main.storyboard */,
				1C1FD0642B2B19DB00092A0B /* LaunchScreen.storyboard */,
			);
			path = Storyboard;
			sourceTree = "<group>";
		};
		1CF50DD82B2B645C00D58DF1 /* App */ = {
			isa = PBXGroup;
			children = (
				1C1FD0592B2B19D900092A0B /* AppDelegate.swift */,
				1C1FD05B2B2B19D900092A0B /* SceneDelegate.swift */,
				1CF50DE02B2CA53600D58DF1 /* AppConstants.swift */,
				1C1FD0622B2B19DB00092A0B /* Assets.xcassets */,
			);
			path = App;
			sourceTree = "<group>";
		};
		1CF50DD92B2C6E6E00D58DF1 /* CollectionViewCell */ = {
			isa = PBXGroup;
			children = (
				1CF50DDA2B2C6E8B00D58DF1 /* FrameCell.swift */,
				1CF50DDC2B2C78F500D58DF1 /* FrameCell.xib */,
			);
			path = CollectionViewCell;
			sourceTree = "<group>";
		};
/* End PBXGroup section */

/* Begin PBXNativeTarget section */
		1C1FD0552B2B19D900092A0B /* BowlingGameKATA */ = {
			isa = PBXNativeTarget;
			buildConfigurationList = 1C1FD0802B2B19DB00092A0B /* Build configuration list for PBXNativeTarget "BowlingGameKATA" */;
			buildPhases = (
				1C1FD0522B2B19D900092A0B /* Sources */,
				1C1FD0532B2B19D900092A0B /* Frameworks */,
				1C1FD0542B2B19D900092A0B /* Resources */,
			);
			buildRules = (
			);
			dependencies = (
			);
			name = BowlingGameKATA;
			productName = BowlingGameKATA;
			productReference = 1C1FD0562B2B19D900092A0B /* BowlingGameKATA.app */;
			productType = "com.apple.product-type.application";
		};
		1C1FD06B2B2B19DB00092A0B /* BowlingGameKATATests */ = {
			isa = PBXNativeTarget;
			buildConfigurationList = 1C1FD0832B2B19DB00092A0B /* Build configuration list for PBXNativeTarget "BowlingGameKATATests" */;
			buildPhases = (
				1C1FD0682B2B19DB00092A0B /* Sources */,
				1C1FD0692B2B19DB00092A0B /* Frameworks */,
				1C1FD06A2B2B19DB00092A0B /* Resources */,
			);
			buildRules = (
			);
			dependencies = (
				1C1FD06E2B2B19DB00092A0B /* PBXTargetDependency */,
			);
			name = BowlingGameKATATests;
			productName = BowlingGameKATATests;
			productReference = 1C1FD06C2B2B19DB00092A0B /* BowlingGameKATATests.xctest */;
			productType = "com.apple.product-type.bundle.unit-test";
		};
		1C1FD0752B2B19DB00092A0B /* BowlingGameKATAUITests */ = {
			isa = PBXNativeTarget;
			buildConfigurationList = 1C1FD0862B2B19DB00092A0B /* Build configuration list for PBXNativeTarget "BowlingGameKATAUITests" */;
			buildPhases = (
				1C1FD0722B2B19DB00092A0B /* Sources */,
				1C1FD0732B2B19DB00092A0B /* Frameworks */,
				1C1FD0742B2B19DB00092A0B /* Resources */,
			);
			buildRules = (
			);
			dependencies = (
				1C1FD0782B2B19DB00092A0B /* PBXTargetDependency */,
			);
			name = BowlingGameKATAUITests;
			productName = BowlingGameKATAUITests;
			productReference = 1C1FD0762B2B19DB00092A0B /* BowlingGameKATAUITests.xctest */;
			productType = "com.apple.product-type.bundle.ui-testing";
		};
/* End PBXNativeTarget section */

/* Begin PBXProject section */
		1C1FD04E2B2B19D900092A0B /* Project object */ = {
			isa = PBXProject;
			attributes = {
				BuildIndependentTargetsInParallel = 1;
				LastSwiftUpdateCheck = 1430;
				LastUpgradeCheck = 1430;
				TargetAttributes = {
					1C1FD0552B2B19D900092A0B = {
						CreatedOnToolsVersion = 14.3.1;
					};
					1C1FD06B2B2B19DB00092A0B = {
						CreatedOnToolsVersion = 14.3.1;
						TestTargetID = 1C1FD0552B2B19D900092A0B;
					};
					1C1FD0752B2B19DB00092A0B = {
						CreatedOnToolsVersion = 14.3.1;
						TestTargetID = 1C1FD0552B2B19D900092A0B;
					};
				};
			};
			buildConfigurationList = 1C1FD0512B2B19D900092A0B /* Build configuration list for PBXProject "BowlingGameKATA" */;
			compatibilityVersion = "Xcode 14.0";
			developmentRegion = en;
			hasScannedForEncodings = 0;
			knownRegions = (
				en,
				Base,
			);
			mainGroup = 1C1FD04D2B2B19D900092A0B;
			productRefGroup = 1C1FD0572B2B19D900092A0B /* Products */;
			projectDirPath = "";
			projectRoot = "";
			targets = (
				1C1FD0552B2B19D900092A0B /* BowlingGameKATA */,
				1C1FD06B2B2B19DB00092A0B /* BowlingGameKATATests */,
				1C1FD0752B2B19DB00092A0B /* BowlingGameKATAUITests */,
			);
		};
/* End PBXProject section */

/* Begin PBXResourcesBuildPhase section */
		1C1FD0542B2B19D900092A0B /* Resources */ = {
			isa = PBXResourcesBuildPhase;
			buildActionMask = 2147483647;
			files = (
				1C1FD0662B2B19DB00092A0B /* LaunchScreen.storyboard in Resources */,
				1CF50DDD2B2C78F500D58DF1 /* FrameCell.xib in Resources */,
				1C1FD0632B2B19DB00092A0B /* Assets.xcassets in Resources */,
				1C1FD0612B2B19D900092A0B /* Main.storyboard in Resources */,
			);
			runOnlyForDeploymentPostprocessing = 0;
		};
		1C1FD06A2B2B19DB00092A0B /* Resources */ = {
			isa = PBXResourcesBuildPhase;
			buildActionMask = 2147483647;
			files = (
			);
			runOnlyForDeploymentPostprocessing = 0;
		};
		1C1FD0742B2B19DB00092A0B /* Resources */ = {
			isa = PBXResourcesBuildPhase;
			buildActionMask = 2147483647;
			files = (
			);
			runOnlyForDeploymentPostprocessing = 0;
		};
/* End PBXResourcesBuildPhase section */

/* Begin PBXSourcesBuildPhase section */
		1C1FD0522B2B19D900092A0B /* Sources */ = {
			isa = PBXSourcesBuildPhase;
			buildActionMask = 2147483647;
			files = (
				1CF50DD42B2B46D200D58DF1 /* SpareFrameModel.swift in Sources */,
				1CF50DDB2B2C6E8C00D58DF1 /* FrameCell.swift in Sources */,
				1CF50DCC2B2B225B00D58DF1 /* BowlingGameModel.swift in Sources */,
				1C1FD05E2B2B19D900092A0B /* BowlingGameViewController.swift in Sources */,
				1CF50DCA2B2B223300D58DF1 /* BowlingGameViewModel.swift in Sources */,
				1CF50DD02B2B451000D58DF1 /* OpenFrameModel.swift in Sources */,
				1CF50DE12B2CA53600D58DF1 /* AppConstants.swift in Sources */,
				1CF50DCE2B2B449300D58DF1 /* Frame.swift in Sources */,
				1C1FD05A2B2B19D900092A0B /* AppDelegate.swift in Sources */,
				1C1FD05C2B2B19D900092A0B /* SceneDelegate.swift in Sources */,
				1CF50DD22B2B466100D58DF1 /* StrikeFrameModel.swift in Sources */,
			);
			runOnlyForDeploymentPostprocessing = 0;
		};
		1C1FD0682B2B19DB00092A0B /* Sources */ = {
			isa = PBXSourcesBuildPhase;
			buildActionMask = 2147483647;
			files = (
				1C1FD0712B2B19DB00092A0B /* BowlingGameKATATests.swift in Sources */,
			);
			runOnlyForDeploymentPostprocessing = 0;
		};
		1C1FD0722B2B19DB00092A0B /* Sources */ = {
			isa = PBXSourcesBuildPhase;
			buildActionMask = 2147483647;
			files = (
				1C1FD07D2B2B19DB00092A0B /* BowlingGameKATAUITestsLaunchTests.swift in Sources */,
				1C1FD07B2B2B19DB00092A0B /* BowlingGameKATAUITests.swift in Sources */,
			);
			runOnlyForDeploymentPostprocessing = 0;
		};
/* End PBXSourcesBuildPhase section */

/* Begin PBXTargetDependency section */
		1C1FD06E2B2B19DB00092A0B /* PBXTargetDependency */ = {
			isa = PBXTargetDependency;
			target = 1C1FD0552B2B19D900092A0B /* BowlingGameKATA */;
			targetProxy = 1C1FD06D2B2B19DB00092A0B /* PBXContainerItemProxy */;
		};
		1C1FD0782B2B19DB00092A0B /* PBXTargetDependency */ = {
			isa = PBXTargetDependency;
			target = 1C1FD0552B2B19D900092A0B /* BowlingGameKATA */;
			targetProxy = 1C1FD0772B2B19DB00092A0B /* PBXContainerItemProxy */;
		};
/* End PBXTargetDependency section */

/* Begin PBXVariantGroup section */
		1C1FD05F2B2B19D900092A0B /* Main.storyboard */ = {
			isa = PBXVariantGroup;
			children = (
				1C1FD0602B2B19D900092A0B /* Base */,
			);
			name = Main.storyboard;
			sourceTree = "<group>";
		};
		1C1FD0642B2B19DB00092A0B /* LaunchScreen.storyboard */ = {
			isa = PBXVariantGroup;
			children = (
				1C1FD0652B2B19DB00092A0B /* Base */,
			);
			name = LaunchScreen.storyboard;
			sourceTree = "<group>";
		};
/* End PBXVariantGroup section */

/* Begin XCBuildConfiguration section */
		1C1FD07E2B2B19DB00092A0B /* Debug */ = {
			isa = XCBuildConfiguration;
			buildSettings = {
				ALWAYS_SEARCH_USER_PATHS = NO;
				CLANG_ANALYZER_NONNULL = YES;
				CLANG_ANALYZER_NUMBER_OBJECT_CONVERSION = YES_AGGRESSIVE;
				CLANG_CXX_LANGUAGE_STANDARD = "gnu++20";
				CLANG_ENABLE_MODULES = YES;
				CLANG_ENABLE_OBJC_ARC = YES;
				CLANG_ENABLE_OBJC_WEAK = YES;
				CLANG_WARN_BLOCK_CAPTURE_AUTORELEASING = YES;
				CLANG_WARN_BOOL_CONVERSION = YES;
				CLANG_WARN_COMMA = YES;
				CLANG_WARN_CONSTANT_CONVERSION = YES;
				CLANG_WARN_DEPRECATED_OBJC_IMPLEMENTATIONS = YES;
				CLANG_WARN_DIRECT_OBJC_ISA_USAGE = YES_ERROR;
				CLANG_WARN_DOCUMENTATION_COMMENTS = YES;
				CLANG_WARN_EMPTY_BODY = YES;
				CLANG_WARN_ENUM_CONVERSION = YES;
				CLANG_WARN_INFINITE_RECURSION = YES;
				CLANG_WARN_INT_CONVERSION = YES;
				CLANG_WARN_NON_LITERAL_NULL_CONVERSION = YES;
				CLANG_WARN_OBJC_IMPLICIT_RETAIN_SELF = YES;
				CLANG_WARN_OBJC_LITERAL_CONVERSION = YES;
				CLANG_WARN_OBJC_ROOT_CLASS = YES_ERROR;
				CLANG_WARN_QUOTED_INCLUDE_IN_FRAMEWORK_HEADER = YES;
				CLANG_WARN_RANGE_LOOP_ANALYSIS = YES;
				CLANG_WARN_STRICT_PROTOTYPES = YES;
				CLANG_WARN_SUSPICIOUS_MOVE = YES;
				CLANG_WARN_UNGUARDED_AVAILABILITY = YES_AGGRESSIVE;
				CLANG_WARN_UNREACHABLE_CODE = YES;
				CLANG_WARN__DUPLICATE_METHOD_MATCH = YES;
				COPY_PHASE_STRIP = NO;
				DEBUG_INFORMATION_FORMAT = dwarf;
				ENABLE_STRICT_OBJC_MSGSEND = YES;
				ENABLE_TESTABILITY = YES;
				GCC_C_LANGUAGE_STANDARD = gnu11;
				GCC_DYNAMIC_NO_PIC = NO;
				GCC_NO_COMMON_BLOCKS = YES;
				GCC_OPTIMIZATION_LEVEL = 0;
				GCC_PREPROCESSOR_DEFINITIONS = (
					"DEBUG=1",
					"$(inherited)",
				);
				GCC_WARN_64_TO_32_BIT_CONVERSION = YES;
				GCC_WARN_ABOUT_RETURN_TYPE = YES_ERROR;
				GCC_WARN_UNDECLARED_SELECTOR = YES;
				GCC_WARN_UNINITIALIZED_AUTOS = YES_AGGRESSIVE;
				GCC_WARN_UNUSED_FUNCTION = YES;
				GCC_WARN_UNUSED_VARIABLE = YES;
				IPHONEOS_DEPLOYMENT_TARGET = 16.4;
				MTL_ENABLE_DEBUG_INFO = INCLUDE_SOURCE;
				MTL_FAST_MATH = YES;
				ONLY_ACTIVE_ARCH = YES;
				SDKROOT = iphoneos;
				SWIFT_ACTIVE_COMPILATION_CONDITIONS = DEBUG;
				SWIFT_OPTIMIZATION_LEVEL = "-Onone";
			};
			name = Debug;
		};
		1C1FD07F2B2B19DB00092A0B /* Release */ = {
			isa = XCBuildConfiguration;
			buildSettings = {
				ALWAYS_SEARCH_USER_PATHS = NO;
				CLANG_ANALYZER_NONNULL = YES;
				CLANG_ANALYZER_NUMBER_OBJECT_CONVERSION = YES_AGGRESSIVE;
				CLANG_CXX_LANGUAGE_STANDARD = "gnu++20";
				CLANG_ENABLE_MODULES = YES;
				CLANG_ENABLE_OBJC_ARC = YES;
				CLANG_ENABLE_OBJC_WEAK = YES;
				CLANG_WARN_BLOCK_CAPTURE_AUTORELEASING = YES;
				CLANG_WARN_BOOL_CONVERSION = YES;
				CLANG_WARN_COMMA = YES;
				CLANG_WARN_CONSTANT_CONVERSION = YES;
				CLANG_WARN_DEPRECATED_OBJC_IMPLEMENTATIONS = YES;
				CLANG_WARN_DIRECT_OBJC_ISA_USAGE = YES_ERROR;
				CLANG_WARN_DOCUMENTATION_COMMENTS = YES;
				CLANG_WARN_EMPTY_BODY = YES;
				CLANG_WARN_ENUM_CONVERSION = YES;
				CLANG_WARN_INFINITE_RECURSION = YES;
				CLANG_WARN_INT_CONVERSION = YES;
				CLANG_WARN_NON_LITERAL_NULL_CONVERSION = YES;
				CLANG_WARN_OBJC_IMPLICIT_RETAIN_SELF = YES;
				CLANG_WARN_OBJC_LITERAL_CONVERSION = YES;
				CLANG_WARN_OBJC_ROOT_CLASS = YES_ERROR;
				CLANG_WARN_QUOTED_INCLUDE_IN_FRAMEWORK_HEADER = YES;
				CLANG_WARN_RANGE_LOOP_ANALYSIS = YES;
				CLANG_WARN_STRICT_PROTOTYPES = YES;
				CLANG_WARN_SUSPICIOUS_MOVE = YES;
				CLANG_WARN_UNGUARDED_AVAILABILITY = YES_AGGRESSIVE;
				CLANG_WARN_UNREACHABLE_CODE = YES;
				CLANG_WARN__DUPLICATE_METHOD_MATCH = YES;
				COPY_PHASE_STRIP = NO;
				DEBUG_INFORMATION_FORMAT = "dwarf-with-dsym";
				ENABLE_NS_ASSERTIONS = NO;
				ENABLE_STRICT_OBJC_MSGSEND = YES;
				GCC_C_LANGUAGE_STANDARD = gnu11;
				GCC_NO_COMMON_BLOCKS = YES;
				GCC_WARN_64_TO_32_BIT_CONVERSION = YES;
				GCC_WARN_ABOUT_RETURN_TYPE = YES_ERROR;
				GCC_WARN_UNDECLARED_SELECTOR = YES;
				GCC_WARN_UNINITIALIZED_AUTOS = YES_AGGRESSIVE;
				GCC_WARN_UNUSED_FUNCTION = YES;
				GCC_WARN_UNUSED_VARIABLE = YES;
				IPHONEOS_DEPLOYMENT_TARGET = 16.4;
				MTL_ENABLE_DEBUG_INFO = NO;
				MTL_FAST_MATH = YES;
				SDKROOT = iphoneos;
				SWIFT_COMPILATION_MODE = wholemodule;
				SWIFT_OPTIMIZATION_LEVEL = "-O";
				VALIDATE_PRODUCT = YES;
			};
			name = Release;
		};
		1C1FD0812B2B19DB00092A0B /* Debug */ = {
			isa = XCBuildConfiguration;
			buildSettings = {
				ASSETCATALOG_COMPILER_APPICON_NAME = AppIcon;
				ASSETCATALOG_COMPILER_GLOBAL_ACCENT_COLOR_NAME = AccentColor;
				CODE_SIGN_STYLE = Automatic;
				CURRENT_PROJECT_VERSION = 1;
				GENERATE_INFOPLIST_FILE = YES;
				INFOPLIST_FILE = BowlingGameKATA/Info.plist;
				INFOPLIST_KEY_UIApplicationSupportsIndirectInputEvents = YES;
				INFOPLIST_KEY_UILaunchStoryboardName = LaunchScreen;
				INFOPLIST_KEY_UIMainStoryboardFile = Main;
				INFOPLIST_KEY_UISupportedInterfaceOrientations_iPad = "UIInterfaceOrientationPortrait UIInterfaceOrientationPortraitUpsideDown UIInterfaceOrientationLandscapeLeft UIInterfaceOrientationLandscapeRight";
				INFOPLIST_KEY_UISupportedInterfaceOrientations_iPhone = "UIInterfaceOrientationPortrait UIInterfaceOrientationLandscapeLeft UIInterfaceOrientationLandscapeRight";
				LD_RUNPATH_SEARCH_PATHS = (
					"$(inherited)",
					"@executable_path/Frameworks",
				);
				MARKETING_VERSION = 1.0;
				PRODUCT_BUNDLE_IDENTIFIER = KATA.BowlingGameKATA;
				PRODUCT_NAME = "$(TARGET_NAME)";
				SWIFT_EMIT_LOC_STRINGS = YES;
				SWIFT_VERSION = 5.0;
				TARGETED_DEVICE_FAMILY = "1,2";
			};
			name = Debug;
		};
		1C1FD0822B2B19DB00092A0B /* Release */ = {
			isa = XCBuildConfiguration;
			buildSettings = {
				ASSETCATALOG_COMPILER_APPICON_NAME = AppIcon;
				ASSETCATALOG_COMPILER_GLOBAL_ACCENT_COLOR_NAME = AccentColor;
				CODE_SIGN_STYLE = Automatic;
				CURRENT_PROJECT_VERSION = 1;
				GENERATE_INFOPLIST_FILE = YES;
				INFOPLIST_FILE = BowlingGameKATA/Info.plist;
				INFOPLIST_KEY_UIApplicationSupportsIndirectInputEvents = YES;
				INFOPLIST_KEY_UILaunchStoryboardName = LaunchScreen;
				INFOPLIST_KEY_UIMainStoryboardFile = Main;
				INFOPLIST_KEY_UISupportedInterfaceOrientations_iPad = "UIInterfaceOrientationPortrait UIInterfaceOrientationPortraitUpsideDown UIInterfaceOrientationLandscapeLeft UIInterfaceOrientationLandscapeRight";
				INFOPLIST_KEY_UISupportedInterfaceOrientations_iPhone = "UIInterfaceOrientationPortrait UIInterfaceOrientationLandscapeLeft UIInterfaceOrientationLandscapeRight";
				LD_RUNPATH_SEARCH_PATHS = (
					"$(inherited)",
					"@executable_path/Frameworks",
				);
				MARKETING_VERSION = 1.0;
				PRODUCT_BUNDLE_IDENTIFIER = KATA.BowlingGameKATA;
				PRODUCT_NAME = "$(TARGET_NAME)";
				SWIFT_EMIT_LOC_STRINGS = YES;
				SWIFT_VERSION = 5.0;
				TARGETED_DEVICE_FAMILY = "1,2";
			};
			name = Release;
		};
		1C1FD0842B2B19DB00092A0B /* Debug */ = {
			isa = XCBuildConfiguration;
			buildSettings = {
				ALWAYS_EMBED_SWIFT_STANDARD_LIBRARIES = YES;
				BUNDLE_LOADER = "$(TEST_HOST)";
				CODE_SIGN_STYLE = Automatic;
				CURRENT_PROJECT_VERSION = 1;
				GENERATE_INFOPLIST_FILE = YES;
				IPHONEOS_DEPLOYMENT_TARGET = 16.4;
				MARKETING_VERSION = 1.0;
				PRODUCT_BUNDLE_IDENTIFIER = KATA.BowlingGameKATATests;
				PRODUCT_NAME = "$(TARGET_NAME)";
				SWIFT_EMIT_LOC_STRINGS = NO;
				SWIFT_VERSION = 5.0;
				TARGETED_DEVICE_FAMILY = "1,2";
				TEST_HOST = "$(BUILT_PRODUCTS_DIR)/BowlingGameKATA.app/$(BUNDLE_EXECUTABLE_FOLDER_PATH)/BowlingGameKATA";
			};
			name = Debug;
		};
		1C1FD0852B2B19DB00092A0B /* Release */ = {
			isa = XCBuildConfiguration;
			buildSettings = {
				ALWAYS_EMBED_SWIFT_STANDARD_LIBRARIES = YES;
				BUNDLE_LOADER = "$(TEST_HOST)";
				CODE_SIGN_STYLE = Automatic;
				CURRENT_PROJECT_VERSION = 1;
				GENERATE_INFOPLIST_FILE = YES;
				IPHONEOS_DEPLOYMENT_TARGET = 16.4;
				MARKETING_VERSION = 1.0;
				PRODUCT_BUNDLE_IDENTIFIER = KATA.BowlingGameKATATests;
				PRODUCT_NAME = "$(TARGET_NAME)";
				SWIFT_EMIT_LOC_STRINGS = NO;
				SWIFT_VERSION = 5.0;
				TARGETED_DEVICE_FAMILY = "1,2";
				TEST_HOST = "$(BUILT_PRODUCTS_DIR)/BowlingGameKATA.app/$(BUNDLE_EXECUTABLE_FOLDER_PATH)/BowlingGameKATA";
			};
			name = Release;
		};
		1C1FD0872B2B19DB00092A0B /* Debug */ = {
			isa = XCBuildConfiguration;
			buildSettings = {
				ALWAYS_EMBED_SWIFT_STANDARD_LIBRARIES = YES;
				CODE_SIGN_STYLE = Automatic;
				CURRENT_PROJECT_VERSION = 1;
				GENERATE_INFOPLIST_FILE = YES;
				MARKETING_VERSION = 1.0;
				PRODUCT_BUNDLE_IDENTIFIER = KATA.BowlingGameKATAUITests;
				PRODUCT_NAME = "$(TARGET_NAME)";
				SWIFT_EMIT_LOC_STRINGS = NO;
				SWIFT_VERSION = 5.0;
				TARGETED_DEVICE_FAMILY = "1,2";
				TEST_TARGET_NAME = BowlingGameKATA;
			};
			name = Debug;
		};
		1C1FD0882B2B19DB00092A0B /* Release */ = {
			isa = XCBuildConfiguration;
			buildSettings = {
				ALWAYS_EMBED_SWIFT_STANDARD_LIBRARIES = YES;
				CODE_SIGN_STYLE = Automatic;
				CURRENT_PROJECT_VERSION = 1;
				GENERATE_INFOPLIST_FILE = YES;
				MARKETING_VERSION = 1.0;
				PRODUCT_BUNDLE_IDENTIFIER = KATA.BowlingGameKATAUITests;
				PRODUCT_NAME = "$(TARGET_NAME)";
				SWIFT_EMIT_LOC_STRINGS = NO;
				SWIFT_VERSION = 5.0;
				TARGETED_DEVICE_FAMILY = "1,2";
				TEST_TARGET_NAME = BowlingGameKATA;
			};
			name = Release;
		};
/* End XCBuildConfiguration section */

/* Begin XCConfigurationList section */
		1C1FD0512B2B19D900092A0B /* Build configuration list for PBXProject "BowlingGameKATA" */ = {
			isa = XCConfigurationList;
			buildConfigurations = (
				1C1FD07E2B2B19DB00092A0B /* Debug */,
				1C1FD07F2B2B19DB00092A0B /* Release */,
			);
			defaultConfigurationIsVisible = 0;
			defaultConfigurationName = Release;
		};
		1C1FD0802B2B19DB00092A0B /* Build configuration list for PBXNativeTarget "BowlingGameKATA" */ = {
			isa = XCConfigurationList;
			buildConfigurations = (
				1C1FD0812B2B19DB00092A0B /* Debug */,
				1C1FD0822B2B19DB00092A0B /* Release */,
			);
			defaultConfigurationIsVisible = 0;
			defaultConfigurationName = Release;
		};
		1C1FD0832B2B19DB00092A0B /* Build configuration list for PBXNativeTarget "BowlingGameKATATests" */ = {
			isa = XCConfigurationList;
			buildConfigurations = (
				1C1FD0842B2B19DB00092A0B /* Debug */,
				1C1FD0852B2B19DB00092A0B /* Release */,
			);
			defaultConfigurationIsVisible = 0;
			defaultConfigurationName = Release;
		};
		1C1FD0862B2B19DB00092A0B /* Build configuration list for PBXNativeTarget "BowlingGameKATAUITests" */ = {
			isa = XCConfigurationList;
			buildConfigurations = (
				1C1FD0872B2B19DB00092A0B /* Debug */,
				1C1FD0882B2B19DB00092A0B /* Release */,
			);
			defaultConfigurationIsVisible = 0;
			defaultConfigurationName = Release;
		};
/* End XCConfigurationList section */
	};
	rootObject = 1C1FD04E2B2B19D900092A0B /* Project object */;
}
